
Microsoft Visual Studio Solution File, Format Version 12.00
# Visual Studio Version 17
VisualStudioVersion = 17.2.32516.85
MinimumVisualStudioVersion = 10.0.40219.1
Project("{FAE04EC0-301F-11D3-BF4B-00C04F79EFBC}") = "EventAsp", "EventAsp\EventAsp.csproj", "{D60BE1D5-E117-42FC-831A-88495F7DA51A}"
EndProject
Global
	GlobalSection(SolutionConfigurationPlatforms) = preSolution
		Debug|Any CPU = Debug|Any CPU
		Release|Any CPU = Release|Any CPU
	EndGlobalSection
	GlobalSection(ProjectConfigurationPlatforms) = postSolution
		{D60BE1D5-E117-42FC-831A-88495F7DA51A}.Debug|Any CPU.ActiveCfg = Debug|Any CPU
		{D60BE1D5-E117-42FC-831A-88495F7DA51A}.Debug|Any CPU.Build.0 = Debug|Any CPU
		{D60BE1D5-E117-42FC-831A-88495F7DA51A}.Release|Any CPU.ActiveCfg = Release|Any CPU
		{D60BE1D5-E117-42FC-831A-88495F7DA51A}.Release|Any CPU.Build.0 = Release|Any CPU
	EndGlobalSection
	GlobalSection(SolutionProperties) = preSolution
		HideSolutionNode = FALSE
	EndGlobalSection
	GlobalSection(ExtensibilityGlobals) = postSolution
		SolutionGuid = {34F4C182-ED56-4848-AD94-80DA2711F7EB}
	EndGlobalSection
EndGlobal
